
Microsoft Visual Studio Solution File, Format Version 12.00
# Visual Studio 15
VisualStudioVersion = 15.0.28010.2003
MinimumVisualStudioVersion = 10.0.40219.1
Project("{FAE04EC0-301F-11D3-BF4B-00C04F79EFBC}") = "Senai.Sstop.WebApi", "Senai.Sstop.WebApi\Senai.Sstop.WebApi.csproj", "{55196429-6A11-4BA5-91FB-5F705CAF8948}"
EndProject
Global
	GlobalSection(SolutionConfigurationPlatforms) = preSolution
		Debug|Any CPU = Debug|Any CPU
		Release|Any CPU = Release|Any CPU
	EndGlobalSection
	GlobalSection(ProjectConfigurationPlatforms) = postSolution
		{55196429-6A11-4BA5-91FB-5F705CAF8948}.Debug|Any CPU.ActiveCfg = Debug|Any CPU
		{55196429-6A11-4BA5-91FB-5F705CAF8948}.Debug|Any CPU.Build.0 = Debug|Any CPU
		{55196429-6A11-4BA5-91FB-5F705CAF8948}.Release|Any CPU.ActiveCfg = Release|Any CPU
		{55196429-6A11-4BA5-91FB-5F705CAF8948}.Release|Any CPU.Build.0 = Release|Any CPU
	EndGlobalSection
	GlobalSection(SolutionProperties) = preSolution
		HideSolutionNode = FALSE
	EndGlobalSection
	GlobalSection(ExtensibilityGlobals) = postSolution
		SolutionGuid = {7D80CC52-7679-433D-88A4-553CBC4E266C}
	EndGlobalSection
EndGlobal
